
Microsoft Visual Studio Solution File, Format Version 12.00
# Visual Studio Version 17
VisualStudioVersion = 17.2.32630.192
MinimumVisualStudioVersion = 10.0.40219.1
Project("{FAE04EC0-301F-11D3-BF4B-00C04F79EFBC}") = "WinFormsApp1", "WinFormsApp1\WinFormsApp1.csproj", "{DDC05358-DC6C-46F3-B9BB-3B39D2B28115}"
EndProject
Global
	GlobalSection(SolutionConfigurationPlatforms) = preSolution
		Debug|Any CPU = Debug|Any CPU
		Release|Any CPU = Release|Any CPU
	EndGlobalSection
	GlobalSection(ProjectConfigurationPlatforms) = postSolution
		{DDC05358-DC6C-46F3-B9BB-3B39D2B28115}.Debug|Any CPU.ActiveCfg = Debug|Any CPU
		{DDC05358-DC6C-46F3-B9BB-3B39D2B28115}.Debug|Any CPU.Build.0 = Debug|Any CPU
		{DDC05358-DC6C-46F3-B9BB-3B39D2B28115}.Release|Any CPU.ActiveCfg = Release|Any CPU
		{DDC05358-DC6C-46F3-B9BB-3B39D2B28115}.Release|Any CPU.Build.0 = Release|Any CPU
	EndGlobalSection
	GlobalSection(SolutionProperties) = preSolution
		HideSolutionNode = FALSE
	EndGlobalSection
	GlobalSection(ExtensibilityGlobals) = postSolution
		SolutionGuid = {8F3E0B31-B00E-43D4-802F-03CF0E6910CF}
	EndGlobalSection
EndGlobal
